
Microsoft Visual Studio Solution File, Format Version 12.00
# Visual Studio 15
VisualStudioVersion = 15.0.28010.2019
MinimumVisualStudioVersion = 10.0.40219.1
Project("{2150E333-8FDC-42A3-9474-1A3956D46DE8}") = "src", "src", "{056176B5-B11E-4D22-A7E7-C3994CB1A561}"
EndProject
Project("{2150E333-8FDC-42A3-9474-1A3956D46DE8}") = "tests", "tests", "{EDB415BE-1AF1-4F55-AA97-D24DD7C20089}"
EndProject
Project("{FAE04EC0-301F-11D3-BF4B-00C04F79EFBC}") = "EventBus", "src\EventBus\EventBus.csproj", "{7222F337-79A8-42AD-8B92-1F9A6A444346}"
EndProject
Project("{FAE04EC0-301F-11D3-BF4B-00C04F79EFBC}") = "EventBus.RabbitMQ", "src\EventBus.RabbitMQ\EventBus.RabbitMQ.csproj", "{EFA4F92E-BA7F-4742-8B07-4DFB7AA00AD1}"
EndProject
Global
	GlobalSection(SolutionConfigurationPlatforms) = preSolution
		Debug|Any CPU = Debug|Any CPU
		Release|Any CPU = Release|Any CPU
	EndGlobalSection
	GlobalSection(ProjectConfigurationPlatforms) = postSolution
		{7222F337-79A8-42AD-8B92-1F9A6A444346}.Debug|Any CPU.ActiveCfg = Debug|Any CPU
		{7222F337-79A8-42AD-8B92-1F9A6A444346}.Debug|Any CPU.Build.0 = Debug|Any CPU
		{7222F337-79A8-42AD-8B92-1F9A6A444346}.Release|Any CPU.ActiveCfg = Release|Any CPU
		{7222F337-79A8-42AD-8B92-1F9A6A444346}.Release|Any CPU.Build.0 = Release|Any CPU
		{EFA4F92E-BA7F-4742-8B07-4DFB7AA00AD1}.Debug|Any CPU.ActiveCfg = Debug|Any CPU
		{EFA4F92E-BA7F-4742-8B07-4DFB7AA00AD1}.Debug|Any CPU.Build.0 = Debug|Any CPU
		{EFA4F92E-BA7F-4742-8B07-4DFB7AA00AD1}.Release|Any CPU.ActiveCfg = Release|Any CPU
		{EFA4F92E-BA7F-4742-8B07-4DFB7AA00AD1}.Release|Any CPU.Build.0 = Release|Any CPU
	EndGlobalSection
	GlobalSection(SolutionProperties) = preSolution
		HideSolutionNode = FALSE
	EndGlobalSection
	GlobalSection(NestedProjects) = preSolution
		{7222F337-79A8-42AD-8B92-1F9A6A444346} = {056176B5-B11E-4D22-A7E7-C3994CB1A561}
		{EFA4F92E-BA7F-4742-8B07-4DFB7AA00AD1} = {056176B5-B11E-4D22-A7E7-C3994CB1A561}
	EndGlobalSection
	GlobalSection(ExtensibilityGlobals) = postSolution
		SolutionGuid = {D42EB370-47C1-477A-8FBE-76B9D811E4FD}
	EndGlobalSection
EndGlobal
